
Microsoft Visual Studio Solution File, Format Version 12.00
# Visual Studio 15
Project("{FAE04EC0-301F-11D3-BF4B-00C04F79EFBC}") = "Assembly-CSharp-firstpass", "Assembly-CSharp-firstpass.csproj", "{EF06DB10-B3BA-DEEB-ECD3-3A86CA23D3CD}"
EndProject
Project("{FAE04EC0-301F-11D3-BF4B-00C04F79EFBC}") = "Assembly-CSharp", "Assembly-CSharp.csproj", "{AD0A618B-1E29-0ACF-AD36-5FD494215382}"
EndProject
Project("{FAE04EC0-301F-11D3-BF4B-00C04F79EFBC}") = "Assembly-CSharp-Editor", "Assembly-CSharp-Editor.csproj", "{BADAA4A0-9FFD-550B-BD3D-652B2F8A494E}"
EndProject
Project("{FAE04EC0-301F-11D3-BF4B-00C04F79EFBC}") = "Assembly-CSharp-Editor-firstpass", "Assembly-CSharp-Editor-firstpass.csproj", "{5D406E4E-041F-25F7-C4E6-1FD2E4646298}"
EndProject
Global
	GlobalSection(SolutionConfigurationPlatforms) = preSolution
		Debug|Any CPU = Debug|Any CPU
		Release|Any CPU = Release|Any CPU
	EndGlobalSection
	GlobalSection(ProjectConfigurationPlatforms) = postSolution
		{EF06DB10-B3BA-DEEB-ECD3-3A86CA23D3CD}.Debug|Any CPU.ActiveCfg = Debug|Any CPU
		{EF06DB10-B3BA-DEEB-ECD3-3A86CA23D3CD}.Debug|Any CPU.Build.0 = Debug|Any CPU
		{EF06DB10-B3BA-DEEB-ECD3-3A86CA23D3CD}.Release|Any CPU.ActiveCfg = Release|Any CPU
		{EF06DB10-B3BA-DEEB-ECD3-3A86CA23D3CD}.Release|Any CPU.Build.0 = Release|Any CPU
		{AD0A618B-1E29-0ACF-AD36-5FD494215382}.Debug|Any CPU.ActiveCfg = Debug|Any CPU
		{AD0A618B-1E29-0ACF-AD36-5FD494215382}.Debug|Any CPU.Build.0 = Debug|Any CPU
		{AD0A618B-1E29-0ACF-AD36-5FD494215382}.Release|Any CPU.ActiveCfg = Release|Any CPU
		{AD0A618B-1E29-0ACF-AD36-5FD494215382}.Release|Any CPU.Build.0 = Release|Any CPU
		{BADAA4A0-9FFD-550B-BD3D-652B2F8A494E}.Debug|Any CPU.ActiveCfg = Debug|Any CPU
		{BADAA4A0-9FFD-550B-BD3D-652B2F8A494E}.Debug|Any CPU.Build.0 = Debug|Any CPU
		{BADAA4A0-9FFD-550B-BD3D-652B2F8A494E}.Release|Any CPU.ActiveCfg = Release|Any CPU
		{BADAA4A0-9FFD-550B-BD3D-652B2F8A494E}.Release|Any CPU.Build.0 = Release|Any CPU
		{5D406E4E-041F-25F7-C4E6-1FD2E4646298}.Debug|Any CPU.ActiveCfg = Debug|Any CPU
		{5D406E4E-041F-25F7-C4E6-1FD2E4646298}.Debug|Any CPU.Build.0 = Debug|Any CPU
		{5D406E4E-041F-25F7-C4E6-1FD2E4646298}.Release|Any CPU.ActiveCfg = Release|Any CPU
		{5D406E4E-041F-25F7-C4E6-1FD2E4646298}.Release|Any CPU.Build.0 = Release|Any CPU
	EndGlobalSection
	GlobalSection(SolutionProperties) = preSolution
		HideSolutionNode = FALSE
	EndGlobalSection
EndGlobal
